
Microsoft Visual Studio Solution File, Format Version 12.00
# Visual Studio 15
VisualStudioVersion = 15.0.28307.572
MinimumVisualStudioVersion = 10.0.40219.1
Project("{FAE04EC0-301F-11D3-BF4B-00C04F79EFBC}") = "Restaurant", "Restaurant\Restaurant.csproj", "{D7C78548-C14F-4835-9B24-C976B386384F}"
EndProject
Project("{FAE04EC0-301F-11D3-BF4B-00C04F79EFBC}") = "Restaurant.Core", "Restaurant.Core\Restaurant.Core.csproj", "{2A560171-FE1A-4548-B34A-EBA0EA92C3E1}"
EndProject
Project("{FAE04EC0-301F-11D3-BF4B-00C04F79EFBC}") = "Restaurant.Data", "Restaurant.Data\Restaurant.Data.csproj", "{6F19A0E1-48A2-4523-82C2-DE6ED66373A3}"
EndProject
Global
	GlobalSection(SolutionConfigurationPlatforms) = preSolution
		Debug|Any CPU = Debug|Any CPU
		Release|Any CPU = Release|Any CPU
	EndGlobalSection
	GlobalSection(ProjectConfigurationPlatforms) = postSolution
		{D7C78548-C14F-4835-9B24-C976B386384F}.Debug|Any CPU.ActiveCfg = Debug|Any CPU
		{D7C78548-C14F-4835-9B24-C976B386384F}.Debug|Any CPU.Build.0 = Debug|Any CPU
		{D7C78548-C14F-4835-9B24-C976B386384F}.Release|Any CPU.ActiveCfg = Release|Any CPU
		{D7C78548-C14F-4835-9B24-C976B386384F}.Release|Any CPU.Build.0 = Release|Any CPU
		{2A560171-FE1A-4548-B34A-EBA0EA92C3E1}.Debug|Any CPU.ActiveCfg = Debug|Any CPU
		{2A560171-FE1A-4548-B34A-EBA0EA92C3E1}.Debug|Any CPU.Build.0 = Debug|Any CPU
		{2A560171-FE1A-4548-B34A-EBA0EA92C3E1}.Release|Any CPU.ActiveCfg = Release|Any CPU
		{2A560171-FE1A-4548-B34A-EBA0EA92C3E1}.Release|Any CPU.Build.0 = Release|Any CPU
		{6F19A0E1-48A2-4523-82C2-DE6ED66373A3}.Debug|Any CPU.ActiveCfg = Debug|Any CPU
		{6F19A0E1-48A2-4523-82C2-DE6ED66373A3}.Debug|Any CPU.Build.0 = Debug|Any CPU
		{6F19A0E1-48A2-4523-82C2-DE6ED66373A3}.Release|Any CPU.ActiveCfg = Release|Any CPU
		{6F19A0E1-48A2-4523-82C2-DE6ED66373A3}.Release|Any CPU.Build.0 = Release|Any CPU
	EndGlobalSection
	GlobalSection(SolutionProperties) = preSolution
		HideSolutionNode = FALSE
	EndGlobalSection
	GlobalSection(ExtensibilityGlobals) = postSolution
		SolutionGuid = {C820AF28-FBA1-4183-942E-CB7A486799CB}
	EndGlobalSection
EndGlobal
